
Microsoft Visual Studio Solution File, Format Version 12.00
# Visual Studio Version 17
VisualStudioVersion = 17.2.32602.215
MinimumVisualStudioVersion = 10.0.40219.1
Project("{FAE04EC0-301F-11D3-BF4B-00C04F79EFBC}") = "HelloCSharp", "HelloCSharp\HelloCSharp.csproj", "{831C3575-743C-4F65-84F9-FA5BE429B7CC}"
EndProject
Global
	GlobalSection(SolutionConfigurationPlatforms) = preSolution
		Debug|Any CPU = Debug|Any CPU
		Release|Any CPU = Release|Any CPU
	EndGlobalSection
	GlobalSection(ProjectConfigurationPlatforms) = postSolution
		{831C3575-743C-4F65-84F9-FA5BE429B7CC}.Debug|Any CPU.ActiveCfg = Debug|Any CPU
		{831C3575-743C-4F65-84F9-FA5BE429B7CC}.Debug|Any CPU.Build.0 = Debug|Any CPU
		{831C3575-743C-4F65-84F9-FA5BE429B7CC}.Release|Any CPU.ActiveCfg = Release|Any CPU
		{831C3575-743C-4F65-84F9-FA5BE429B7CC}.Release|Any CPU.Build.0 = Release|Any CPU
	EndGlobalSection
	GlobalSection(SolutionProperties) = preSolution
		HideSolutionNode = FALSE
	EndGlobalSection
	GlobalSection(ExtensibilityGlobals) = postSolution
		SolutionGuid = {0A9B91D4-3F0A-4218-8269-DBA6CFBDDF22}
	EndGlobalSection
EndGlobal
